
Microsoft Visual Studio Solution File, Format Version 12.00
# Visual Studio 15
VisualStudioVersion = 15.0.26730.16
MinimumVisualStudioVersion = 10.0.40219.1
Project("{FAE04EC0-301F-11D3-BF4B-00C04F79EFBC}") = "GitWebApplication", "GitWebApplication\GitWebApplication.csproj", "{3168E781-0584-48B0-8CFA-071AB95C6336}"
EndProject
Project("{FAE04EC0-301F-11D3-BF4B-00C04F79EFBC}") = "BusinessLayer", "BusinessLayer\BusinessLayer.csproj", "{E1D055EA-1B17-4FE4-9CA0-B1F8CA9395D4}"
EndProject
Project("{FAE04EC0-301F-11D3-BF4B-00C04F79EFBC}") = "DataLayer", "DataLayer\DataLayer.csproj", "{B128766E-3552-49FB-9733-E0273622B8AE}"
EndProject
Project("{FAE04EC0-301F-11D3-BF4B-00C04F79EFBC}") = "Utility", "Utility\Utility.csproj", "{B3F96C2B-7DE7-4106-9269-7737161252FD}"
EndProject
Project("{FAE04EC0-301F-11D3-BF4B-00C04F79EFBC}") = "UnitTests", "UnitTests\UnitTests.csproj", "{D7C3ABFB-9F53-4172-87D2-CD01F7962BCB}"
	ProjectSection(ProjectDependencies) = postProject
		{B3F96C2B-7DE7-4106-9269-7737161252FD} = {B3F96C2B-7DE7-4106-9269-7737161252FD}
		{E1D055EA-1B17-4FE4-9CA0-B1F8CA9395D4} = {E1D055EA-1B17-4FE4-9CA0-B1F8CA9395D4}
	EndProjectSection
EndProject
Project("{FAE04EC0-301F-11D3-BF4B-00C04F79EFBC}") = "Models", "Models\Models.csproj", "{2C8737A1-2D48-4FA0-BC6D-5736772C12DC}"
EndProject
Project("{FAE04EC0-301F-11D3-BF4B-00C04F79EFBC}") = "UILayer", "UILayer\UILayer.csproj", "{13B77934-657B-43F7-8B85-264B2A35A36C}"
EndProject
Project("{00D1A9C2-B5F0-4AF3-8072-F6C62B433612}") = "DBProject", "DBProject\DBProject.sqlproj", "{2A099AD7-B634-4880-A87D-4E3EB7C29B48}"
EndProject
Project("{FAE04EC0-301F-11D3-BF4B-00C04F79EFBC}") = "StructureMap", "StructureMap\StructureMap.csproj", "{66E969BC-7DCE-46A0-A83C-DDC516C27F2C}"
EndProject
Project("{FAE04EC0-301F-11D3-BF4B-00C04F79EFBC}") = "EmptyUILayer", "EmptyUILayer\EmptyUILayer.csproj", "{88378B2F-D2F0-4F75-B498-1F1D0F7A70F4}"
EndProject
Global
	GlobalSection(SolutionConfigurationPlatforms) = preSolution
		Debug|Any CPU = Debug|Any CPU
		Release|Any CPU = Release|Any CPU
	EndGlobalSection
	GlobalSection(ProjectConfigurationPlatforms) = postSolution
		{3168E781-0584-48B0-8CFA-071AB95C6336}.Debug|Any CPU.ActiveCfg = Debug|Any CPU
		{3168E781-0584-48B0-8CFA-071AB95C6336}.Debug|Any CPU.Build.0 = Debug|Any CPU
		{3168E781-0584-48B0-8CFA-071AB95C6336}.Release|Any CPU.ActiveCfg = Release|Any CPU
		{3168E781-0584-48B0-8CFA-071AB95C6336}.Release|Any CPU.Build.0 = Release|Any CPU
		{E1D055EA-1B17-4FE4-9CA0-B1F8CA9395D4}.Debug|Any CPU.ActiveCfg = Debug|Any CPU
		{E1D055EA-1B17-4FE4-9CA0-B1F8CA9395D4}.Debug|Any CPU.Build.0 = Debug|Any CPU
		{E1D055EA-1B17-4FE4-9CA0-B1F8CA9395D4}.Release|Any CPU.ActiveCfg = Release|Any CPU
		{E1D055EA-1B17-4FE4-9CA0-B1F8CA9395D4}.Release|Any CPU.Build.0 = Release|Any CPU
		{B128766E-3552-49FB-9733-E0273622B8AE}.Debug|Any CPU.ActiveCfg = Debug|Any CPU
		{B128766E-3552-49FB-9733-E0273622B8AE}.Debug|Any CPU.Build.0 = Debug|Any CPU
		{B128766E-3552-49FB-9733-E0273622B8AE}.Release|Any CPU.ActiveCfg = Release|Any CPU
		{B128766E-3552-49FB-9733-E0273622B8AE}.Release|Any CPU.Build.0 = Release|Any CPU
		{B3F96C2B-7DE7-4106-9269-7737161252FD}.Debug|Any CPU.ActiveCfg = Debug|Any CPU
		{B3F96C2B-7DE7-4106-9269-7737161252FD}.Debug|Any CPU.Build.0 = Debug|Any CPU
		{B3F96C2B-7DE7-4106-9269-7737161252FD}.Release|Any CPU.ActiveCfg = Release|Any CPU
		{B3F96C2B-7DE7-4106-9269-7737161252FD}.Release|Any CPU.Build.0 = Release|Any CPU
		{D7C3ABFB-9F53-4172-87D2-CD01F7962BCB}.Debug|Any CPU.ActiveCfg = Debug|Any CPU
		{D7C3ABFB-9F53-4172-87D2-CD01F7962BCB}.Debug|Any CPU.Build.0 = Debug|Any CPU
		{D7C3ABFB-9F53-4172-87D2-CD01F7962BCB}.Release|Any CPU.ActiveCfg = Release|Any CPU
		{D7C3ABFB-9F53-4172-87D2-CD01F7962BCB}.Release|Any CPU.Build.0 = Release|Any CPU
		{2C8737A1-2D48-4FA0-BC6D-5736772C12DC}.Debug|Any CPU.ActiveCfg = Debug|Any CPU
		{2C8737A1-2D48-4FA0-BC6D-5736772C12DC}.Debug|Any CPU.Build.0 = Debug|Any CPU
		{2C8737A1-2D48-4FA0-BC6D-5736772C12DC}.Release|Any CPU.ActiveCfg = Release|Any CPU
		{2C8737A1-2D48-4FA0-BC6D-5736772C12DC}.Release|Any CPU.Build.0 = Release|Any CPU
		{13B77934-657B-43F7-8B85-264B2A35A36C}.Debug|Any CPU.ActiveCfg = Debug|Any CPU
		{13B77934-657B-43F7-8B85-264B2A35A36C}.Debug|Any CPU.Build.0 = Debug|Any CPU
		{13B77934-657B-43F7-8B85-264B2A35A36C}.Release|Any CPU.ActiveCfg = Release|Any CPU
		{13B77934-657B-43F7-8B85-264B2A35A36C}.Release|Any CPU.Build.0 = Release|Any CPU
		{2A099AD7-B634-4880-A87D-4E3EB7C29B48}.Debug|Any CPU.ActiveCfg = Debug|Any CPU
		{2A099AD7-B634-4880-A87D-4E3EB7C29B48}.Debug|Any CPU.Build.0 = Debug|Any CPU
		{2A099AD7-B634-4880-A87D-4E3EB7C29B48}.Debug|Any CPU.Deploy.0 = Debug|Any CPU
		{2A099AD7-B634-4880-A87D-4E3EB7C29B48}.Release|Any CPU.ActiveCfg = Release|Any CPU
		{2A099AD7-B634-4880-A87D-4E3EB7C29B48}.Release|Any CPU.Build.0 = Release|Any CPU
		{2A099AD7-B634-4880-A87D-4E3EB7C29B48}.Release|Any CPU.Deploy.0 = Release|Any CPU
		{66E969BC-7DCE-46A0-A83C-DDC516C27F2C}.Debug|Any CPU.ActiveCfg = Debug|Any CPU
		{66E969BC-7DCE-46A0-A83C-DDC516C27F2C}.Debug|Any CPU.Build.0 = Debug|Any CPU
		{66E969BC-7DCE-46A0-A83C-DDC516C27F2C}.Release|Any CPU.ActiveCfg = Release|Any CPU
		{66E969BC-7DCE-46A0-A83C-DDC516C27F2C}.Release|Any CPU.Build.0 = Release|Any CPU
		{88378B2F-D2F0-4F75-B498-1F1D0F7A70F4}.Debug|Any CPU.ActiveCfg = Debug|Any CPU
		{88378B2F-D2F0-4F75-B498-1F1D0F7A70F4}.Debug|Any CPU.Build.0 = Debug|Any CPU
		{88378B2F-D2F0-4F75-B498-1F1D0F7A70F4}.Release|Any CPU.ActiveCfg = Release|Any CPU
		{88378B2F-D2F0-4F75-B498-1F1D0F7A70F4}.Release|Any CPU.Build.0 = Release|Any CPU
	EndGlobalSection
	GlobalSection(SolutionProperties) = preSolution
		HideSolutionNode = FALSE
	EndGlobalSection
	GlobalSection(ExtensibilityGlobals) = postSolution
		SolutionGuid = {F08728D4-2DE1-4B8D-8275-F13A89F254E9}
	EndGlobalSection
EndGlobal
