
Microsoft Visual Studio Solution File, Format Version 12.00
# Visual Studio 15
VisualStudioVersion = 15.0.26730.16
MinimumVisualStudioVersion = 10.0.40219.1
Project("{FAE04EC0-301F-11D3-BF4B-00C04F79EFBC}") = "GitWebApplication", "GitWebApplication\GitWebApplication.csproj", "{3168E781-0584-48B0-8CFA-071AB95C6336}"
EndProject
Global
	GlobalSection(SolutionConfigurationPlatforms) = preSolution
		Debug|Any CPU = Debug|Any CPU
		Release|Any CPU = Release|Any CPU
	EndGlobalSection
	GlobalSection(ProjectConfigurationPlatforms) = postSolution
		{3168E781-0584-48B0-8CFA-071AB95C6336}.Debug|Any CPU.ActiveCfg = Debug|Any CPU
		{3168E781-0584-48B0-8CFA-071AB95C6336}.Debug|Any CPU.Build.0 = Debug|Any CPU
		{3168E781-0584-48B0-8CFA-071AB95C6336}.Release|Any CPU.ActiveCfg = Release|Any CPU
		{3168E781-0584-48B0-8CFA-071AB95C6336}.Release|Any CPU.Build.0 = Release|Any CPU
	EndGlobalSection
	GlobalSection(SolutionProperties) = preSolution
		HideSolutionNode = FALSE
	EndGlobalSection
	GlobalSection(ExtensibilityGlobals) = postSolution
		SolutionGuid = {F08728D4-2DE1-4B8D-8275-F13A89F254E9}
	EndGlobalSection
EndGlobal
